// !$*UTF8*$!
{
	archiveVersion = 1;
	classes = {
	};
	objectVersion = 46;
	objects = {

/* Begin PBXBuildFile section */
		434A9FBF19E57E99009D6176 /* SelectLocationStatement.m in Sources */ = {isa = PBXBuildFile; fileRef = 434A9FBE19E57E99009D6176 /* SelectLocationStatement.m */; };
		434A9FC419E660FD009D6176 /* MyLocationAnnotation.m in Sources */ = {isa = PBXBuildFile; fileRef = 434A9FC319E660FD009D6176 /* MyLocationAnnotation.m */; };
		437DB1D919D93E6E0011D8E6 /* Foundation.framework in Frameworks */ = {isa = PBXBuildFile; fileRef = 437DB1D819D93E6E0011D8E6 /* Foundation.framework */; };
		437DB1DB19D93E6E0011D8E6 /* CoreGraphics.framework in Frameworks */ = {isa = PBXBuildFile; fileRef = 437DB1DA19D93E6E0011D8E6 /* CoreGraphics.framework */; };
		437DB1DD19D93E6E0011D8E6 /* UIKit.framework in Frameworks */ = {isa = PBXBuildFile; fileRef = 437DB1DC19D93E6E0011D8E6 /* UIKit.framework */; };
		437DB1E319D93E6E0011D8E6 /* InfoPlist.strings in Resources */ = {isa = PBXBuildFile; fileRef = 437DB1E119D93E6E0011D8E6 /* InfoPlist.strings */; };
		437DB1E519D93E6E0011D8E6 /* main.m in Sources */ = {isa = PBXBuildFile; fileRef = 437DB1E419D93E6E0011D8E6 /* main.m */; };
		437DB1E919D93E6E0011D8E6 /* AppDelegate.m in Sources */ = {isa = PBXBuildFile; fileRef = 437DB1E819D93E6E0011D8E6 /* AppDelegate.m */; };
		437DB1EB19D93E6E0011D8E6 /* Images.xcassets in Resources */ = {isa = PBXBuildFile; fileRef = 437DB1EA19D93E6E0011D8E6 /* Images.xcassets */; };
		437DB1F219D93E6E0011D8E6 /* XCTest.framework in Frameworks */ = {isa = PBXBuildFile; fileRef = 437DB1F119D93E6E0011D8E6 /* XCTest.framework */; };
		437DB1F319D93E6E0011D8E6 /* Foundation.framework in Frameworks */ = {isa = PBXBuildFile; fileRef = 437DB1D819D93E6E0011D8E6 /* Foundation.framework */; };
		437DB1F419D93E6E0011D8E6 /* UIKit.framework in Frameworks */ = {isa = PBXBuildFile; fileRef = 437DB1DC19D93E6E0011D8E6 /* UIKit.framework */; };
		437DB1FC19D93E6E0011D8E6 /* InfoPlist.strings in Resources */ = {isa = PBXBuildFile; fileRef = 437DB1FA19D93E6E0011D8E6 /* InfoPlist.strings */; };
		437DB1FE19D93E6E0011D8E6 /* WalkLogTests.m in Sources */ = {isa = PBXBuildFile; fileRef = 437DB1FD19D93E6E0011D8E6 /* WalkLogTests.m */; };
		437DB20E19D9409E0011D8E6 /* CSqlite.m in Sources */ = {isa = PBXBuildFile; fileRef = 437DB20C19D9409E0011D8E6 /* CSqlite.m */; };
		437DB20F19D9409E0011D8E6 /* gps.db in Resources */ = {isa = PBXBuildFile; fileRef = 437DB20D19D9409E0011D8E6 /* gps.db */; };
		437DB21119D940C00011D8E6 /* CoreLocation.framework in Frameworks */ = {isa = PBXBuildFile; fileRef = 437DB21019D940C00011D8E6 /* CoreLocation.framework */; };
		437DB21319D940C70011D8E6 /* MapKit.framework in Frameworks */ = {isa = PBXBuildFile; fileRef = 437DB21219D940C70011D8E6 /* MapKit.framework */; };
		437DB21519D940DD0011D8E6 /* Storyboard.storyboard in Resources */ = {isa = PBXBuildFile; fileRef = 437DB21419D940DD0011D8E6 /* Storyboard.storyboard */; };
		437DB21919D95CFC0011D8E6 /* MapViewViewController.m in Sources */ = {isa = PBXBuildFile; fileRef = 437DB21819D95CFC0011D8E6 /* MapViewViewController.m */; };
		437DB22019D960970011D8E6 /* MarsCoordinate.c in Sources */ = {isa = PBXBuildFile; fileRef = 437DB21F19D960970011D8E6 /* MarsCoordinate.c */; };
		437DB22219D967D40011D8E6 /* libsqlite3.dylib in Frameworks */ = {isa = PBXBuildFile; fileRef = 437DB22119D967D40011D8E6 /* libsqlite3.dylib */; };
		437DB22719D968240011D8E6 /* EarthToMars.m in Sources */ = {isa = PBXBuildFile; fileRef = 437DB22619D968240011D8E6 /* EarthToMars.m */; };
		439A327219E51D3A00E9B5E6 /* libYSqliteStatement.a in Frameworks */ = {isa = PBXBuildFile; fileRef = 439A327119E3F73200E9B5E6 /* libYSqliteStatement.a */; };
		439A327719E51F8300E9B5E6 /* schema_1.sql in Resources */ = {isa = PBXBuildFile; fileRef = 439A327519E51F8300E9B5E6 /* schema_1.sql */; };
		439A327B19E5432400E9B5E6 /* CoreMotion.framework in Frameworks */ = {isa = PBXBuildFile; fileRef = 439A327A19E5432400E9B5E6 /* CoreMotion.framework */; };
		439A327F19E5454F00E9B5E6 /* InsertLocationStatement.m in Sources */ = {isa = PBXBuildFile; fileRef = 439A327E19E5454F00E9B5E6 /* InsertLocationStatement.m */; };
		439A328419E569B500E9B5E6 /* DataListViewControllerTableViewController.m in Sources */ = {isa = PBXBuildFile; fileRef = 439A328319E569B500E9B5E6 /* DataListViewControllerTableViewController.m */; };
		439A328819E5746100E9B5E6 /* DataCenter.m in Sources */ = {isa = PBXBuildFile; fileRef = 439A328719E5746100E9B5E6 /* DataCenter.m */; };
/* End PBXBuildFile section */

/* Begin PBXContainerItemProxy section */
		437DB1F519D93E6E0011D8E6 /* PBXContainerItemProxy */ = {
			isa = PBXContainerItemProxy;
			containerPortal = 437DB1CD19D93E6E0011D8E6 /* Project object */;
			proxyType = 1;
			remoteGlobalIDString = 437DB1D419D93E6E0011D8E6;
			remoteInfo = WalkLog;
		};
		439A327019E3F73200E9B5E6 /* PBXContainerItemProxy */ = {
			isa = PBXContainerItemProxy;
			containerPortal = 439A326C19E3F73200E9B5E6 /* YSqliteStatement.xcodeproj */;
			proxyType = 2;
			remoteGlobalIDString = 439E1332171FD2B9006CA769;
			remoteInfo = YSqliteStatement;
		};
/* End PBXContainerItemProxy section */

/* Begin PBXFileReference section */
		434A9FBD19E57E99009D6176 /* SelectLocationStatement.h */ = {isa = PBXFileReference; fileEncoding = 4; lastKnownFileType = sourcecode.c.h; path = SelectLocationStatement.h; sourceTree = "<group>"; };
		434A9FBE19E57E99009D6176 /* SelectLocationStatement.m */ = {isa = PBXFileReference; fileEncoding = 4; lastKnownFileType = sourcecode.c.objc; path = SelectLocationStatement.m; sourceTree = "<group>"; };
		434A9FC219E660FD009D6176 /* MyLocationAnnotation.h */ = {isa = PBXFileReference; fileEncoding = 4; lastKnownFileType = sourcecode.c.h; path = MyLocationAnnotation.h; sourceTree = "<group>"; };
		434A9FC319E660FD009D6176 /* MyLocationAnnotation.m */ = {isa = PBXFileReference; fileEncoding = 4; lastKnownFileType = sourcecode.c.objc; path = MyLocationAnnotation.m; sourceTree = "<group>"; };
		437DB1D519D93E6E0011D8E6 /* WalkLog.app */ = {isa = PBXFileReference; explicitFileType = wrapper.application; includeInIndex = 0; path = WalkLog.app; sourceTree = BUILT_PRODUCTS_DIR; };
		437DB1D819D93E6E0011D8E6 /* Foundation.framework */ = {isa = PBXFileReference; lastKnownFileType = wrapper.framework; name = Foundation.framework; path = System/Library/Frameworks/Foundation.framework; sourceTree = SDKROOT; };
		437DB1DA19D93E6E0011D8E6 /* CoreGraphics.framework */ = {isa = PBXFileReference; lastKnownFileType = wrapper.framework; name = CoreGraphics.framework; path = System/Library/Frameworks/CoreGraphics.framework; sourceTree = SDKROOT; };
		437DB1DC19D93E6E0011D8E6 /* UIKit.framework */ = {isa = PBXFileReference; lastKnownFileType = wrapper.framework; name = UIKit.framework; path = System/Library/Frameworks/UIKit.framework; sourceTree = SDKROOT; };
		437DB1E019D93E6E0011D8E6 /* WalkLog-Info.plist */ = {isa = PBXFileReference; lastKnownFileType = text.plist.xml; path = "WalkLog-Info.plist"; sourceTree = "<group>"; };
		437DB1E219D93E6E0011D8E6 /* en */ = {isa = PBXFileReference; lastKnownFileType = text.plist.strings; name = en; path = en.lproj/InfoPlist.strings; sourceTree = "<group>"; };
		437DB1E419D93E6E0011D8E6 /* main.m */ = {isa = PBXFileReference; lastKnownFileType = sourcecode.c.objc; path = main.m; sourceTree = "<group>"; };
		437DB1E619D93E6E0011D8E6 /* WalkLog-Prefix.pch */ = {isa = PBXFileReference; lastKnownFileType = sourcecode.c.h; path = "WalkLog-Prefix.pch"; sourceTree = "<group>"; };
		437DB1E719D93E6E0011D8E6 /* AppDelegate.h */ = {isa = PBXFileReference; lastKnownFileType = sourcecode.c.h; path = AppDelegate.h; sourceTree = "<group>"; };
		437DB1E819D93E6E0011D8E6 /* AppDelegate.m */ = {isa = PBXFileReference; lastKnownFileType = sourcecode.c.objc; path = AppDelegate.m; sourceTree = "<group>"; };
		437DB1EA19D93E6E0011D8E6 /* Images.xcassets */ = {isa = PBXFileReference; lastKnownFileType = folder.assetcatalog; path = Images.xcassets; sourceTree = "<group>"; };
		437DB1F019D93E6E0011D8E6 /* WalkLogTests.xctest */ = {isa = PBXFileReference; explicitFileType = wrapper.cfbundle; includeInIndex = 0; path = WalkLogTests.xctest; sourceTree = BUILT_PRODUCTS_DIR; };
		437DB1F119D93E6E0011D8E6 /* XCTest.framework */ = {isa = PBXFileReference; lastKnownFileType = wrapper.framework; name = XCTest.framework; path = Library/Frameworks/XCTest.framework; sourceTree = DEVELOPER_DIR; };
		437DB1F919D93E6E0011D8E6 /* WalkLogTests-Info.plist */ = {isa = PBXFileReference; lastKnownFileType = text.plist.xml; path = "WalkLogTests-Info.plist"; sourceTree = "<group>"; };
		437DB1FB19D93E6E0011D8E6 /* en */ = {isa = PBXFileReference; lastKnownFileType = text.plist.strings; name = en; path = en.lproj/InfoPlist.strings; sourceTree = "<group>"; };
		437DB1FD19D93E6E0011D8E6 /* WalkLogTests.m */ = {isa = PBXFileReference; lastKnownFileType = sourcecode.c.objc; path = WalkLogTests.m; sourceTree = "<group>"; };
		437DB20B19D9409E0011D8E6 /* CSqlite.h */ = {isa = PBXFileReference; fileEncoding = 4; lastKnownFileType = sourcecode.c.h; path = CSqlite.h; sourceTree = "<group>"; };
		437DB20C19D9409E0011D8E6 /* CSqlite.m */ = {isa = PBXFileReference; fileEncoding = 4; lastKnownFileType = sourcecode.c.objc; path = CSqlite.m; sourceTree = "<group>"; };
		437DB20D19D9409E0011D8E6 /* gps.db */ = {isa = PBXFileReference; lastKnownFileType = file; path = gps.db; sourceTree = "<group>"; };
		437DB21019D940C00011D8E6 /* CoreLocation.framework */ = {isa = PBXFileReference; lastKnownFileType = wrapper.framework; name = CoreLocation.framework; path = System/Library/Frameworks/CoreLocation.framework; sourceTree = SDKROOT; };
		437DB21219D940C70011D8E6 /* MapKit.framework */ = {isa = PBXFileReference; lastKnownFileType = wrapper.framework; name = MapKit.framework; path = System/Library/Frameworks/MapKit.framework; sourceTree = SDKROOT; };
		437DB21419D940DD0011D8E6 /* Storyboard.storyboard */ = {isa = PBXFileReference; fileEncoding = 4; lastKnownFileType = file.storyboard; path = Storyboard.storyboard; sourceTree = "<group>"; };
		437DB21719D95CFC0011D8E6 /* MapViewViewController.h */ = {isa = PBXFileReference; fileEncoding = 4; lastKnownFileType = sourcecode.c.h; path = MapViewViewController.h; sourceTree = "<group>"; };
		437DB21819D95CFC0011D8E6 /* MapViewViewController.m */ = {isa = PBXFileReference; fileEncoding = 4; lastKnownFileType = sourcecode.c.objc; path = MapViewViewController.m; sourceTree = "<group>"; };
		437DB21E19D95F3A0011D8E6 /* MarsCoordinate.h */ = {isa = PBXFileReference; lastKnownFileType = sourcecode.c.h; path = MarsCoordinate.h; sourceTree = "<group>"; };
		437DB21F19D960970011D8E6 /* MarsCoordinate.c */ = {isa = PBXFileReference; fileEncoding = 4; lastKnownFileType = sourcecode.c.c; path = MarsCoordinate.c; sourceTree = "<group>"; };
		437DB22119D967D40011D8E6 /* libsqlite3.dylib */ = {isa = PBXFileReference; lastKnownFileType = "compiled.mach-o.dylib"; name = libsqlite3.dylib; path = usr/lib/libsqlite3.dylib; sourceTree = SDKROOT; };
		437DB22519D968240011D8E6 /* EarthToMars.h */ = {isa = PBXFileReference; fileEncoding = 4; lastKnownFileType = sourcecode.c.h; path = EarthToMars.h; sourceTree = "<group>"; };
		437DB22619D968240011D8E6 /* EarthToMars.m */ = {isa = PBXFileReference; fileEncoding = 4; lastKnownFileType = sourcecode.c.objc; path = EarthToMars.m; sourceTree = "<group>"; };
		439A326C19E3F73200E9B5E6 /* YSqliteStatement.xcodeproj */ = {isa = PBXFileReference; lastKnownFileType = "wrapper.pb-project"; name = YSqliteStatement.xcodeproj; path = lib/YSqliteStatement/YSqliteStatement.xcodeproj; sourceTree = "<group>"; };
		439A327519E51F8300E9B5E6 /* schema_1.sql */ = {isa = PBXFileReference; fileEncoding = 4; lastKnownFileType = text; path = schema_1.sql; sourceTree = "<group>"; };
		439A327A19E5432400E9B5E6 /* CoreMotion.framework */ = {isa = PBXFileReference; lastKnownFileType = wrapper.framework; name = CoreMotion.framework; path = System/Library/Frameworks/CoreMotion.framework; sourceTree = SDKROOT; };
		439A327D19E5454F00E9B5E6 /* InsertLocationStatement.h */ = {isa = PBXFileReference; fileEncoding = 4; lastKnownFileType = sourcecode.c.h; path = InsertLocationStatement.h; sourceTree = "<group>"; };
		439A327E19E5454F00E9B5E6 /* InsertLocationStatement.m */ = {isa = PBXFileReference; fileEncoding = 4; lastKnownFileType = sourcecode.c.objc; path = InsertLocationStatement.m; sourceTree = "<group>"; };
		439A328219E569B500E9B5E6 /* DataListViewControllerTableViewController.h */ = {isa = PBXFileReference; fileEncoding = 4; lastKnownFileType = sourcecode.c.h; path = DataListViewControllerTableViewController.h; sourceTree = "<group>"; };
		439A328319E569B500E9B5E6 /* DataListViewControllerTableViewController.m */ = {isa = PBXFileReference; fileEncoding = 4; lastKnownFileType = sourcecode.c.objc; path = DataListViewControllerTableViewController.m; sourceTree = "<group>"; };
		439A328619E5746100E9B5E6 /* DataCenter.h */ = {isa = PBXFileReference; fileEncoding = 4; lastKnownFileType = sourcecode.c.h; path = DataCenter.h; sourceTree = "<group>"; };
		439A328719E5746100E9B5E6 /* DataCenter.m */ = {isa = PBXFileReference; fileEncoding = 4; lastKnownFileType = sourcecode.c.objc; path = DataCenter.m; sourceTree = "<group>"; };
/* End PBXFileReference section */

/* Begin PBXFrameworksBuildPhase section */
		437DB1D219D93E6E0011D8E6 /* Frameworks */ = {
			isa = PBXFrameworksBuildPhase;
			buildActionMask = 2147483647;
			files = (
				439A327B19E5432400E9B5E6 /* CoreMotion.framework in Frameworks */,
				439A327219E51D3A00E9B5E6 /* libYSqliteStatement.a in Frameworks */,
				437DB22219D967D40011D8E6 /* libsqlite3.dylib in Frameworks */,
				437DB21319D940C70011D8E6 /* MapKit.framework in Frameworks */,
				437DB21119D940C00011D8E6 /* CoreLocation.framework in Frameworks */,
				437DB1DB19D93E6E0011D8E6 /* CoreGraphics.framework in Frameworks */,
				437DB1DD19D93E6E0011D8E6 /* UIKit.framework in Frameworks */,
				437DB1D919D93E6E0011D8E6 /* Foundation.framework in Frameworks */,
			);
			runOnlyForDeploymentPostprocessing = 0;
		};
		437DB1ED19D93E6E0011D8E6 /* Frameworks */ = {
			isa = PBXFrameworksBuildPhase;
			buildActionMask = 2147483647;
			files = (
				437DB1F219D93E6E0011D8E6 /* XCTest.framework in Frameworks */,
				437DB1F419D93E6E0011D8E6 /* UIKit.framework in Frameworks */,
				437DB1F319D93E6E0011D8E6 /* Foundation.framework in Frameworks */,
			);
			runOnlyForDeploymentPostprocessing = 0;
		};
/* End PBXFrameworksBuildPhase section */

/* Begin PBXGroup section */
		437DB1CC19D93E6E0011D8E6 = {
			isa = PBXGroup;
			children = (
				439A326C19E3F73200E9B5E6 /* YSqliteStatement.xcodeproj */,
				437DB20919D9409E0011D8E6 /* thirdparties */,
				437DB1DE19D93E6E0011D8E6 /* WalkLog */,
				437DB1F719D93E6E0011D8E6 /* WalkLogTests */,
				437DB1D719D93E6E0011D8E6 /* Frameworks */,
				437DB1D619D93E6E0011D8E6 /* Products */,
			);
			sourceTree = "<group>";
		};
		437DB1D619D93E6E0011D8E6 /* Products */ = {
			isa = PBXGroup;
			children = (
				437DB1D519D93E6E0011D8E6 /* WalkLog.app */,
				437DB1F019D93E6E0011D8E6 /* WalkLogTests.xctest */,
			);
			name = Products;
			sourceTree = "<group>";
		};
		437DB1D719D93E6E0011D8E6 /* Frameworks */ = {
			isa = PBXGroup;
			children = (
				439A327A19E5432400E9B5E6 /* CoreMotion.framework */,
				437DB22119D967D40011D8E6 /* libsqlite3.dylib */,
				437DB21219D940C70011D8E6 /* MapKit.framework */,
				437DB21019D940C00011D8E6 /* CoreLocation.framework */,
				437DB1D819D93E6E0011D8E6 /* Foundation.framework */,
				437DB1DA19D93E6E0011D8E6 /* CoreGraphics.framework */,
				437DB1DC19D93E6E0011D8E6 /* UIKit.framework */,
				437DB1F119D93E6E0011D8E6 /* XCTest.framework */,
			);
			name = Frameworks;
			sourceTree = "<group>";
		};
		437DB1DE19D93E6E0011D8E6 /* WalkLog */ = {
			isa = PBXGroup;
			children = (
				437DB21A19D95D280011D8E6 /* Utility */,
				437DB21619D95CD80011D8E6 /* ViewControllers */,
				434A9FC219E660FD009D6176 /* MyLocationAnnotation.h */,
				434A9FC319E660FD009D6176 /* MyLocationAnnotation.m */,
				437DB1E719D93E6E0011D8E6 /* AppDelegate.h */,
				437DB1E819D93E6E0011D8E6 /* AppDelegate.m */,
				439A327D19E5454F00E9B5E6 /* InsertLocationStatement.h */,
				439A327E19E5454F00E9B5E6 /* InsertLocationStatement.m */,
				434A9FBD19E57E99009D6176 /* SelectLocationStatement.h */,
				434A9FBE19E57E99009D6176 /* SelectLocationStatement.m */,
				439A328619E5746100E9B5E6 /* DataCenter.h */,
				439A328719E5746100E9B5E6 /* DataCenter.m */,
				437DB1EA19D93E6E0011D8E6 /* Images.xcassets */,
				437DB1DF19D93E6E0011D8E6 /* Supporting Files */,
				437DB21419D940DD0011D8E6 /* Storyboard.storyboard */,
			);
			path = WalkLog;
			sourceTree = "<group>";
		};
		437DB1DF19D93E6E0011D8E6 /* Supporting Files */ = {
			isa = PBXGroup;
			children = (
				439A327419E51F7100E9B5E6 /* sql */,
				437DB1E019D93E6E0011D8E6 /* WalkLog-Info.plist */,
				437DB1E119D93E6E0011D8E6 /* InfoPlist.strings */,
				437DB1E419D93E6E0011D8E6 /* main.m */,
				437DB1E619D93E6E0011D8E6 /* WalkLog-Prefix.pch */,
			);
			name = "Supporting Files";
			sourceTree = "<group>";
		};
		437DB1F719D93E6E0011D8E6 /* WalkLogTests */ = {
			isa = PBXGroup;
			children = (
				437DB1FD19D93E6E0011D8E6 /* WalkLogTests.m */,
				437DB1F819D93E6E0011D8E6 /* Supporting Files */,
			);
			path = WalkLogTests;
			sourceTree = "<group>";
		};
		437DB1F819D93E6E0011D8E6 /* Supporting Files */ = {
			isa = PBXGroup;
			children = (
				437DB1F919D93E6E0011D8E6 /* WalkLogTests-Info.plist */,
				437DB1FA19D93E6E0011D8E6 /* InfoPlist.strings */,
			);
			name = "Supporting Files";
			sourceTree = "<group>";
		};
		437DB20919D9409E0011D8E6 /* thirdparties */ = {
			isa = PBXGroup;
			children = (
				437DB20A19D9409E0011D8E6 /* Mars */,
			);
			path = thirdparties;
			sourceTree = "<group>";
		};
		437DB20A19D9409E0011D8E6 /* Mars */ = {
			isa = PBXGroup;
			children = (
				437DB20B19D9409E0011D8E6 /* CSqlite.h */,
				437DB20C19D9409E0011D8E6 /* CSqlite.m */,
				437DB20D19D9409E0011D8E6 /* gps.db */,
			);
			path = Mars;
			sourceTree = "<group>";
		};
		437DB21619D95CD80011D8E6 /* ViewControllers */ = {
			isa = PBXGroup;
			children = (
				437DB21719D95CFC0011D8E6 /* MapViewViewController.h */,
				437DB21819D95CFC0011D8E6 /* MapViewViewController.m */,
				439A328219E569B500E9B5E6 /* DataListViewControllerTableViewController.h */,
				439A328319E569B500E9B5E6 /* DataListViewControllerTableViewController.m */,
			);
			path = ViewControllers;
			sourceTree = "<group>";
		};
		437DB21A19D95D280011D8E6 /* Utility */ = {
			isa = PBXGroup;
			children = (
				437DB21E19D95F3A0011D8E6 /* MarsCoordinate.h */,
				437DB21F19D960970011D8E6 /* MarsCoordinate.c */,
				437DB22519D968240011D8E6 /* EarthToMars.h */,
				437DB22619D968240011D8E6 /* EarthToMars.m */,
			);
			path = Utility;
			sourceTree = "<group>";
		};
		439A326D19E3F73200E9B5E6 /* Products */ = {
			isa = PBXGroup;
			children = (
				439A327119E3F73200E9B5E6 /* libYSqliteStatement.a */,
			);
			name = Products;
			sourceTree = "<group>";
		};
		439A327419E51F7100E9B5E6 /* sql */ = {
			isa = PBXGroup;
			children = (
				439A327519E51F8300E9B5E6 /* schema_1.sql */,
			);
			path = sql;
			sourceTree = SOURCE_ROOT;
		};
/* End PBXGroup section */

/* Begin PBXNativeTarget section */
		437DB1D419D93E6E0011D8E6 /* WalkLog */ = {
			isa = PBXNativeTarget;
			buildConfigurationList = 437DB20119D93E6E0011D8E6 /* Build configuration list for PBXNativeTarget "WalkLog" */;
			buildPhases = (
				437DB1D119D93E6E0011D8E6 /* Sources */,
				437DB1D219D93E6E0011D8E6 /* Frameworks */,
				437DB1D319D93E6E0011D8E6 /* Resources */,
			);
			buildRules = (
			);
			dependencies = (
			);
			name = WalkLog;
			productName = WalkLog;
			productReference = 437DB1D519D93E6E0011D8E6 /* WalkLog.app */;
			productType = "com.apple.product-type.application";
		};
		437DB1EF19D93E6E0011D8E6 /* WalkLogTests */ = {
			isa = PBXNativeTarget;
			buildConfigurationList = 437DB20419D93E6E0011D8E6 /* Build configuration list for PBXNativeTarget "WalkLogTests" */;
			buildPhases = (
				437DB1EC19D93E6E0011D8E6 /* Sources */,
				437DB1ED19D93E6E0011D8E6 /* Frameworks */,
				437DB1EE19D93E6E0011D8E6 /* Resources */,
			);
			buildRules = (
			);
			dependencies = (
				437DB1F619D93E6E0011D8E6 /* PBXTargetDependency */,
			);
			name = WalkLogTests;
			productName = WalkLogTests;
			productReference = 437DB1F019D93E6E0011D8E6 /* WalkLogTests.xctest */;
			productType = "com.apple.product-type.bundle.unit-test";
		};
/* End PBXNativeTarget section */

/* Begin PBXProject section */
		437DB1CD19D93E6E0011D8E6 /* Project object */ = {
			isa = PBXProject;
			attributes = {
				LastUpgradeCheck = 0510;
				ORGANIZATIONNAME = Yang.me;
				TargetAttributes = {
					437DB1D419D93E6E0011D8E6 = {
						SystemCapabilities = {
							com.apple.BackgroundModes = {
								enabled = 1;
							};
						};
					};
					437DB1EF19D93E6E0011D8E6 = {
						TestTargetID = 437DB1D419D93E6E0011D8E6;
					};
				};
			};
			buildConfigurationList = 437DB1D019D93E6E0011D8E6 /* Build configuration list for PBXProject "WalkLog" */;
			compatibilityVersion = "Xcode 3.2";
			developmentRegion = English;
			hasScannedForEncodings = 0;
			knownRegions = (
				en,
			);
			mainGroup = 437DB1CC19D93E6E0011D8E6;
			productRefGroup = 437DB1D619D93E6E0011D8E6 /* Products */;
			projectDirPath = "";
			projectReferences = (
				{
					ProductGroup = 439A326D19E3F73200E9B5E6 /* Products */;
					ProjectRef = 439A326C19E3F73200E9B5E6 /* YSqliteStatement.xcodeproj */;
				},
			);
			projectRoot = "";
			targets = (
				437DB1D419D93E6E0011D8E6 /* WalkLog */,
				437DB1EF19D93E6E0011D8E6 /* WalkLogTests */,
			);
		};
/* End PBXProject section */

/* Begin PBXReferenceProxy section */
		439A327119E3F73200E9B5E6 /* libYSqliteStatement.a */ = {
			isa = PBXReferenceProxy;
			fileType = archive.ar;
			path = libYSqliteStatement.a;
			remoteRef = 439A327019E3F73200E9B5E6 /* PBXContainerItemProxy */;
			sourceTree = BUILT_PRODUCTS_DIR;
		};
/* End PBXReferenceProxy section */

/* Begin PBXResourcesBuildPhase section */
		437DB1D319D93E6E0011D8E6 /* Resources */ = {
			isa = PBXResourcesBuildPhase;
			buildActionMask = 2147483647;
			files = (
				439A327719E51F8300E9B5E6 /* schema_1.sql in Resources */,
				437DB1E319D93E6E0011D8E6 /* InfoPlist.strings in Resources */,
				437DB21519D940DD0011D8E6 /* Storyboard.storyboard in Resources */,
				437DB1EB19D93E6E0011D8E6 /* Images.xcassets in Resources */,
				437DB20F19D9409E0011D8E6 /* gps.db in Resources */,
			);
			runOnlyForDeploymentPostprocessing = 0;
		};
		437DB1EE19D93E6E0011D8E6 /* Resources */ = {
			isa = PBXResourcesBuildPhase;
			buildActionMask = 2147483647;
			files = (
				437DB1FC19D93E6E0011D8E6 /* InfoPlist.strings in Resources */,
			);
			runOnlyForDeploymentPostprocessing = 0;
		};
/* End PBXResourcesBuildPhase section */

/* Begin PBXSourcesBuildPhase section */
		437DB1D119D93E6E0011D8E6 /* Sources */ = {
			isa = PBXSourcesBuildPhase;
			buildActionMask = 2147483647;
			files = (
				437DB1E919D93E6E0011D8E6 /* AppDelegate.m in Sources */,
				437DB1E519D93E6E0011D8E6 /* main.m in Sources */,
				437DB22719D968240011D8E6 /* EarthToMars.m in Sources */,
				434A9FC419E660FD009D6176 /* MyLocationAnnotation.m in Sources */,
				437DB22019D960970011D8E6 /* MarsCoordinate.c in Sources */,
				439A328419E569B500E9B5E6 /* DataListViewControllerTableViewController.m in Sources */,
				439A328819E5746100E9B5E6 /* DataCenter.m in Sources */,
				434A9FBF19E57E99009D6176 /* SelectLocationStatement.m in Sources */,
				437DB21919D95CFC0011D8E6 /* MapViewViewController.m in Sources */,
				437DB20E19D9409E0011D8E6 /* CSqlite.m in Sources */,
				439A327F19E5454F00E9B5E6 /* InsertLocationStatement.m in Sources */,
			);
			runOnlyForDeploymentPostprocessing = 0;
		};
		437DB1EC19D93E6E0011D8E6 /* Sources */ = {
			isa = PBXSourcesBuildPhase;
			buildActionMask = 2147483647;
			files = (
				437DB1FE19D93E6E0011D8E6 /* WalkLogTests.m in Sources */,
			);
			runOnlyForDeploymentPostprocessing = 0;
		};
/* End PBXSourcesBuildPhase section */

/* Begin PBXTargetDependency section */
		437DB1F619D93E6E0011D8E6 /* PBXTargetDependency */ = {
			isa = PBXTargetDependency;
			target = 437DB1D419D93E6E0011D8E6 /* WalkLog */;
			targetProxy = 437DB1F519D93E6E0011D8E6 /* PBXContainerItemProxy */;
		};
/* End PBXTargetDependency section */

/* Begin PBXVariantGroup section */
		437DB1E119D93E6E0011D8E6 /* InfoPlist.strings */ = {
			isa = PBXVariantGroup;
			children = (
				437DB1E219D93E6E0011D8E6 /* en */,
			);
			name = InfoPlist.strings;
			sourceTree = "<group>";
		};
		437DB1FA19D93E6E0011D8E6 /* InfoPlist.strings */ = {
			isa = PBXVariantGroup;
			children = (
				437DB1FB19D93E6E0011D8E6 /* en */,
			);
			name = InfoPlist.strings;
			sourceTree = "<group>";
		};
/* End PBXVariantGroup section */

/* Begin XCBuildConfiguration section */
		437DB1FF19D93E6E0011D8E6 /* Debug */ = {
			isa = XCBuildConfiguration;
			buildSettings = {
				ALWAYS_SEARCH_USER_PATHS = NO;
				CLANG_CXX_LANGUAGE_STANDARD = "gnu++0x";
				CLANG_CXX_LIBRARY = "libc++";
				CLANG_ENABLE_MODULES = YES;
				CLANG_ENABLE_OBJC_ARC = YES;
				CLANG_WARN_BOOL_CONVERSION = YES;
				CLANG_WARN_CONSTANT_CONVERSION = YES;
				CLANG_WARN_DIRECT_OBJC_ISA_USAGE = YES_ERROR;
				CLANG_WARN_EMPTY_BODY = YES;
				CLANG_WARN_ENUM_CONVERSION = YES;
				CLANG_WARN_INT_CONVERSION = YES;
				CLANG_WARN_OBJC_ROOT_CLASS = YES_ERROR;
				CLANG_WARN__DUPLICATE_METHOD_MATCH = YES;
				"CODE_SIGN_IDENTITY[sdk=iphoneos*]" = "iPhone Developer";
				COPY_PHASE_STRIP = NO;
				GCC_C_LANGUAGE_STANDARD = gnu99;
				GCC_DYNAMIC_NO_PIC = NO;
				GCC_OPTIMIZATION_LEVEL = 0;
				GCC_PREPROCESSOR_DEFINITIONS = (
					"DEBUG=1",
					"$(inherited)",
				);
				GCC_SYMBOLS_PRIVATE_EXTERN = NO;
				GCC_WARN_64_TO_32_BIT_CONVERSION = YES;
				GCC_WARN_ABOUT_RETURN_TYPE = YES_ERROR;
				GCC_WARN_UNDECLARED_SELECTOR = YES;
				GCC_WARN_UNINITIALIZED_AUTOS = YES_AGGRESSIVE;
				GCC_WARN_UNUSED_FUNCTION = YES;
				GCC_WARN_UNUSED_VARIABLE = YES;
				IPHONEOS_DEPLOYMENT_TARGET = 7.1;
				ONLY_ACTIVE_ARCH = YES;
				SDKROOT = iphoneos;
			};
			name = Debug;
		};
		437DB20019D93E6E0011D8E6 /* Release */ = {
			isa = XCBuildConfiguration;
			buildSettings = {
				ALWAYS_SEARCH_USER_PATHS = NO;
				CLANG_CXX_LANGUAGE_STANDARD = "gnu++0x";
				CLANG_CXX_LIBRARY = "libc++";
				CLANG_ENABLE_MODULES = YES;
				CLANG_ENABLE_OBJC_ARC = YES;
				CLANG_WARN_BOOL_CONVERSION = YES;
				CLANG_WARN_CONSTANT_CONVERSION = YES;
				CLANG_WARN_DIRECT_OBJC_ISA_USAGE = YES_ERROR;
				CLANG_WARN_EMPTY_BODY = YES;
				CLANG_WARN_ENUM_CONVERSION = YES;
				CLANG_WARN_INT_CONVERSION = YES;
				CLANG_WARN_OBJC_ROOT_CLASS = YES_ERROR;
				CLANG_WARN__DUPLICATE_METHOD_MATCH = YES;
				"CODE_SIGN_IDENTITY[sdk=iphoneos*]" = "iPhone Developer";
				COPY_PHASE_STRIP = YES;
				ENABLE_NS_ASSERTIONS = NO;
				GCC_C_LANGUAGE_STANDARD = gnu99;
				GCC_WARN_64_TO_32_BIT_CONVERSION = YES;
				GCC_WARN_ABOUT_RETURN_TYPE = YES_ERROR;
				GCC_WARN_UNDECLARED_SELECTOR = YES;
				GCC_WARN_UNINITIALIZED_AUTOS = YES_AGGRESSIVE;
				GCC_WARN_UNUSED_FUNCTION = YES;
				GCC_WARN_UNUSED_VARIABLE = YES;
				IPHONEOS_DEPLOYMENT_TARGET = 7.1;
				SDKROOT = iphoneos;
				VALIDATE_PRODUCT = YES;
			};
			name = Release;
		};
		437DB20219D93E6E0011D8E6 /* Debug */ = {
			isa = XCBuildConfiguration;
			buildSettings = {
				ASSETCATALOG_COMPILER_APPICON_NAME = AppIcon;
				ASSETCATALOG_COMPILER_LAUNCHIMAGE_NAME = LaunchImage;
				CODE_SIGN_IDENTITY = "iPhone Developer: YANG HONGBO (C93VHJJZMT)";
				"CODE_SIGN_IDENTITY[sdk=iphoneos*]" = "iPhone Developer: YANG HONGBO (C93VHJJZMT)";
				GCC_PRECOMPILE_PREFIX_HEADER = YES;
				GCC_PREFIX_HEADER = "WalkLog/WalkLog-Prefix.pch";
				INFOPLIST_FILE = "WalkLog/WalkLog-Info.plist";
				PRODUCT_NAME = "$(TARGET_NAME)";
				PROVISIONING_PROFILE = "20F7C822-0F84-4A9F-ABA4-4F72DE91A475";
				USER_HEADER_SEARCH_PATHS = "$(SRCROOT)/lib/YSqliteStatement/YSqliteStatement";
				WRAPPER_EXTENSION = app;
			};
			name = Debug;
		};
		437DB20319D93E6E0011D8E6 /* Release */ = {
			isa = XCBuildConfiguration;
			buildSettings = {
				ASSETCATALOG_COMPILER_APPICON_NAME = AppIcon;
				ASSETCATALOG_COMPILER_LAUNCHIMAGE_NAME = LaunchImage;
				CODE_SIGN_IDENTITY = "iPhone Developer: YANG HONGBO (C93VHJJZMT)";
				"CODE_SIGN_IDENTITY[sdk=iphoneos*]" = "iPhone Developer: YANG HONGBO (C93VHJJZMT)";
				GCC_PRECOMPILE_PREFIX_HEADER = YES;
				GCC_PREFIX_HEADER = "WalkLog/WalkLog-Prefix.pch";
				INFOPLIST_FILE = "WalkLog/WalkLog-Info.plist";
				PRODUCT_NAME = "$(TARGET_NAME)";
				PROVISIONING_PROFILE = "20F7C822-0F84-4A9F-ABA4-4F72DE91A475";
				USER_HEADER_SEARCH_PATHS = "$(SRCROOT)/lib/YSqliteStatement/YSqliteStatement";
				WRAPPER_EXTENSION = app;
			};
			name = Release;
		};
		437DB20519D93E6E0011D8E6 /* Debug */ = {
			isa = XCBuildConfiguration;
			buildSettings = {
				BUNDLE_LOADER = "$(BUILT_PRODUCTS_DIR)/WalkLog.app/WalkLog";
				FRAMEWORK_SEARCH_PATHS = (
					"$(SDKROOT)/Developer/Library/Frameworks",
					"$(inherited)",
					"$(DEVELOPER_FRAMEWORKS_DIR)",
				);
				GCC_PRECOMPILE_PREFIX_HEADER = YES;
				GCC_PREFIX_HEADER = "WalkLog/WalkLog-Prefix.pch";
				GCC_PREPROCESSOR_DEFINITIONS = (
					"DEBUG=1",
					"$(inherited)",
				);
				INFOPLIST_FILE = "WalkLogTests/WalkLogTests-Info.plist";
				PRODUCT_NAME = "$(TARGET_NAME)";
				TEST_HOST = "$(BUNDLE_LOADER)";
				WRAPPER_EXTENSION = xctest;
			};
			name = Debug;
		};
		437DB20619D93E6E0011D8E6 /* Release */ = {
			isa = XCBuildConfiguration;
			buildSettings = {
				BUNDLE_LOADER = "$(BUILT_PRODUCTS_DIR)/WalkLog.app/WalkLog";
				FRAMEWORK_SEARCH_PATHS = (
					"$(SDKROOT)/Developer/Library/Frameworks",
					"$(inherited)",
					"$(DEVELOPER_FRAMEWORKS_DIR)",
				);
				GCC_PRECOMPILE_PREFIX_HEADER = YES;
				GCC_PREFIX_HEADER = "WalkLog/WalkLog-Prefix.pch";
				INFOPLIST_FILE = "WalkLogTests/WalkLogTests-Info.plist";
				PRODUCT_NAME = "$(TARGET_NAME)";
				TEST_HOST = "$(BUNDLE_LOADER)";
				WRAPPER_EXTENSION = xctest;
			};
			name = Release;
		};
/* End XCBuildConfiguration section */

/* Begin XCConfigurationList section */
		437DB1D019D93E6E0011D8E6 /* Build configuration list for PBXProject "WalkLog" */ = {
			isa = XCConfigurationList;
			buildConfigurations = (
				437DB1FF19D93E6E0011D8E6 /* Debug */,
				437DB20019D93E6E0011D8E6 /* Release */,
			);
			defaultConfigurationIsVisible = 0;
			defaultConfigurationName = Release;
		};
		437DB20119D93E6E0011D8E6 /* Build configuration list for PBXNativeTarget "WalkLog" */ = {
			isa = XCConfigurationList;
			buildConfigurations = (
				437DB20219D93E6E0011D8E6 /* Debug */,
				437DB20319D93E6E0011D8E6 /* Release */,
			);
			defaultConfigurationIsVisible = 0;
			defaultConfigurationName = Release;
		};
		437DB20419D93E6E0011D8E6 /* Build configuration list for PBXNativeTarget "WalkLogTests" */ = {
			isa = XCConfigurationList;
			buildConfigurations = (
				437DB20519D93E6E0011D8E6 /* Debug */,
				437DB20619D93E6E0011D8E6 /* Release */,
			);
			defaultConfigurationIsVisible = 0;
			defaultConfigurationName = Release;
		};
/* End XCConfigurationList section */
	};
	rootObject = 437DB1CD19D93E6E0011D8E6 /* Project object */;
}
